// !$*UTF8*$!
{
	archiveVersion = 1;
	classes = {
	};
	objectVersion = 55;
	objects = {

/* Begin PBXBuildFile section */
		3D6E7B9228D89851005B250A /* AppDelegate.swift in Sources */ = {isa = PBXBuildFile; fileRef = 3D6E7B9128D89851005B250A /* AppDelegate.swift */; };
		3D6E7B9428D89851005B250A /* SceneDelegate.swift in Sources */ = {isa = PBXBuildFile; fileRef = 3D6E7B9328D89851005B250A /* SceneDelegate.swift */; };
		3D6E7B9628D89851005B250A /* ViewController.swift in Sources */ = {isa = PBXBuildFile; fileRef = 3D6E7B9528D89851005B250A /* ViewController.swift */; };
		3D6E7B9B28D89852005B250A /* Assets.xcassets in Resources */ = {isa = PBXBuildFile; fileRef = 3D6E7B9A28D89852005B250A /* Assets.xcassets */; };
		3D6E7B9E28D89852005B250A /* LaunchScreen.storyboard in Resources */ = {isa = PBXBuildFile; fileRef = 3D6E7B9C28D89852005B250A /* LaunchScreen.storyboard */; };
		3D6E7BAE28D89A94005B250A /* NetworkingManager.swift in Sources */ = {isa = PBXBuildFile; fileRef = 3D6E7BAD28D89A94005B250A /* NetworkingManager.swift */; };
		3D6E7BB028D89AFA005B250A /* FCError.swift in Sources */ = {isa = PBXBuildFile; fileRef = 3D6E7BAF28D89AFA005B250A /* FCError.swift */; };
/* End PBXBuildFile section */

/* Begin PBXFileReference section */
		3D6E7B8E28D89851005B250A /* FoodInBox.app */ = {isa = PBXFileReference; explicitFileType = wrapper.application; includeInIndex = 0; path = FoodInBox.app; sourceTree = BUILT_PRODUCTS_DIR; };
		3D6E7B9128D89851005B250A /* AppDelegate.swift */ = {isa = PBXFileReference; lastKnownFileType = sourcecode.swift; path = AppDelegate.swift; sourceTree = "<group>"; };
		3D6E7B9328D89851005B250A /* SceneDelegate.swift */ = {isa = PBXFileReference; lastKnownFileType = sourcecode.swift; path = SceneDelegate.swift; sourceTree = "<group>"; };
		3D6E7B9528D89851005B250A /* ViewController.swift */ = {isa = PBXFileReference; lastKnownFileType = sourcecode.swift; path = ViewController.swift; sourceTree = "<group>"; };
		3D6E7B9A28D89852005B250A /* Assets.xcassets */ = {isa = PBXFileReference; lastKnownFileType = folder.assetcatalog; path = Assets.xcassets; sourceTree = "<group>"; };
		3D6E7B9D28D89852005B250A /* Base */ = {isa = PBXFileReference; lastKnownFileType = file.storyboard; name = Base; path = Base.lproj/LaunchScreen.storyboard; sourceTree = "<group>"; };
		3D6E7B9F28D89852005B250A /* Info.plist */ = {isa = PBXFileReference; lastKnownFileType = text.plist.xml; path = Info.plist; sourceTree = "<group>"; };
		3D6E7BAD28D89A94005B250A /* NetworkingManager.swift */ = {isa = PBXFileReference; lastKnownFileType = sourcecode.swift; path = NetworkingManager.swift; sourceTree = "<group>"; };
		3D6E7BAF28D89AFA005B250A /* FCError.swift */ = {isa = PBXFileReference; lastKnownFileType = sourcecode.swift; path = FCError.swift; sourceTree = "<group>"; };
/* End PBXFileReference section */

/* Begin PBXFrameworksBuildPhase section */
		3D6E7B8B28D89851005B250A /* Frameworks */ = {
			isa = PBXFrameworksBuildPhase;
			buildActionMask = 2147483647;
			files = (
			);
			runOnlyForDeploymentPostprocessing = 0;
		};
/* End PBXFrameworksBuildPhase section */

/* Begin PBXGroup section */
		3D6E7B8528D89851005B250A = {
			isa = PBXGroup;
			children = (
				3D6E7B9028D89851005B250A /* FoodInBox */,
				3D6E7B8F28D89851005B250A /* Products */,
			);
			sourceTree = "<group>";
		};
		3D6E7B8F28D89851005B250A /* Products */ = {
			isa = PBXGroup;
			children = (
				3D6E7B8E28D89851005B250A /* FoodInBox.app */,
			);
			name = Products;
			sourceTree = "<group>";
		};
		3D6E7B9028D89851005B250A /* FoodInBox */ = {
			isa = PBXGroup;
			children = (
				3D6E7BA928D8999B005B250A /* Core */,
				3D6E7BA828D89996005B250A /* Model */,
				3D6E7BA728D89991005B250A /* Services */,
				3D6E7BA628D89987005B250A /* Utilities */,
				3D6E7BA528D89966005B250A /* Support */,
			);
			path = FoodInBox;
			sourceTree = "<group>";
		};
		3D6E7BA528D89966005B250A /* Support */ = {
			isa = PBXGroup;
			children = (
				3D6E7B9128D89851005B250A /* AppDelegate.swift */,
				3D6E7B9328D89851005B250A /* SceneDelegate.swift */,
				3D6E7B9528D89851005B250A /* ViewController.swift */,
				3D6E7B9A28D89852005B250A /* Assets.xcassets */,
				3D6E7B9C28D89852005B250A /* LaunchScreen.storyboard */,
				3D6E7B9F28D89852005B250A /* Info.plist */,
			);
			path = Support;
			sourceTree = "<group>";
		};
		3D6E7BA628D89987005B250A /* Utilities */ = {
			isa = PBXGroup;
			children = (
				3D6E7BAD28D89A94005B250A /* NetworkingManager.swift */,
				3D6E7BAF28D89AFA005B250A /* FCError.swift */,
			);
			path = Utilities;
			sourceTree = "<group>";
		};
		3D6E7BA728D89991005B250A /* Services */ = {
			isa = PBXGroup;
			children = (
			);
			path = Services;
			sourceTree = "<group>";
		};
		3D6E7BA828D89996005B250A /* Model */ = {
			isa = PBXGroup;
			children = (
			);
			path = Model;
			sourceTree = "<group>";
		};
		3D6E7BA928D8999B005B250A /* Core */ = {
			isa = PBXGroup;
			children = (
				3D6E7BAC28D89A33005B250A /* Components */,
				3D6E7BAB28D899A5005B250A /* CartScreen */,
				3D6E7BAA28D8999F005B250A /* HomeScreen */,
			);
			path = Core;
			sourceTree = "<group>";
		};
		3D6E7BAA28D8999F005B250A /* HomeScreen */ = {
			isa = PBXGroup;
			children = (
			);
			path = HomeScreen;
			sourceTree = "<group>";
		};
		3D6E7BAB28D899A5005B250A /* CartScreen */ = {
			isa = PBXGroup;
			children = (
			);
			path = CartScreen;
			sourceTree = "<group>";
		};
		3D6E7BAC28D89A33005B250A /* Components */ = {
			isa = PBXGroup;
			children = (
			);
			path = Components;
			sourceTree = "<group>";
		};
/* End PBXGroup section */

/* Begin PBXNativeTarget section */
		3D6E7B8D28D89851005B250A /* FoodInBox */ = {
			isa = PBXNativeTarget;
			buildConfigurationList = 3D6E7BA228D89852005B250A /* Build configuration list for PBXNativeTarget "FoodInBox" */;
			buildPhases = (
				3D6E7B8A28D89851005B250A /* Sources */,
				3D6E7B8B28D89851005B250A /* Frameworks */,
				3D6E7B8C28D89851005B250A /* Resources */,
			);
			buildRules = (
			);
			dependencies = (
			);
			name = FoodInBox;
			productName = FoodInBox;
			productReference = 3D6E7B8E28D89851005B250A /* FoodInBox.app */;
			productType = "com.apple.product-type.application";
		};
/* End PBXNativeTarget section */

/* Begin PBXProject section */
		3D6E7B8628D89851005B250A /* Project object */ = {
			isa = PBXProject;
			attributes = {
				BuildIndependentTargetsInParallel = 1;
				LastSwiftUpdateCheck = 1340;
				LastUpgradeCheck = 1340;
				TargetAttributes = {
					3D6E7B8D28D89851005B250A = {
						CreatedOnToolsVersion = 13.4.1;
					};
				};
			};
			buildConfigurationList = 3D6E7B8928D89851005B250A /* Build configuration list for PBXProject "FoodInBox" */;
			compatibilityVersion = "Xcode 13.0";
			developmentRegion = en;
			hasScannedForEncodings = 0;
			knownRegions = (
				en,
				Base,
			);
			mainGroup = 3D6E7B8528D89851005B250A;
			productRefGroup = 3D6E7B8F28D89851005B250A /* Products */;
			projectDirPath = "";
			projectRoot = "";
			targets = (
				3D6E7B8D28D89851005B250A /* FoodInBox */,
			);
		};
/* End PBXProject section */

/* Begin PBXResourcesBuildPhase section */
		3D6E7B8C28D89851005B250A /* Resources */ = {
			isa = PBXResourcesBuildPhase;
			buildActionMask = 2147483647;
			files = (
				3D6E7B9E28D89852005B250A /* LaunchScreen.storyboard in Resources */,
				3D6E7B9B28D89852005B250A /* Assets.xcassets in Resources */,
			);
			runOnlyForDeploymentPostprocessing = 0;
		};
/* End PBXResourcesBuildPhase section */

/* Begin PBXSourcesBuildPhase section */
		3D6E7B8A28D89851005B250A /* Sources */ = {
			isa = PBXSourcesBuildPhase;
			buildActionMask = 2147483647;
			files = (
				3D6E7B9628D89851005B250A /* ViewController.swift in Sources */,
				3D6E7BAE28D89A94005B250A /* NetworkingManager.swift in Sources */,
				3D6E7B9228D89851005B250A /* AppDelegate.swift in Sources */,
				3D6E7B9428D89851005B250A /* SceneDelegate.swift in Sources */,
				3D6E7BB028D89AFA005B250A /* FCError.swift in Sources */,
			);
			runOnlyForDeploymentPostprocessing = 0;
		};
/* End PBXSourcesBuildPhase section */

/* Begin PBXVariantGroup section */
		3D6E7B9C28D89852005B250A /* LaunchScreen.storyboard */ = {
			isa = PBXVariantGroup;
			children = (
				3D6E7B9D28D89852005B250A /* Base */,
			);
			name = LaunchScreen.storyboard;
			sourceTree = "<group>";
		};
/* End PBXVariantGroup section */

/* Begin XCBuildConfiguration section */
		3D6E7BA028D89852005B250A /* Debug */ = {
			isa = XCBuildConfiguration;
			buildSettings = {
				ALWAYS_SEARCH_USER_PATHS = NO;
				CLANG_ANALYZER_NONNULL = YES;
				CLANG_ANALYZER_NUMBER_OBJECT_CONVERSION = YES_AGGRESSIVE;
				CLANG_CXX_LANGUAGE_STANDARD = "gnu++17";
				CLANG_ENABLE_MODULES = YES;
				CLANG_ENABLE_OBJC_ARC = YES;
				CLANG_ENABLE_OBJC_WEAK = YES;
				CLANG_WARN_BLOCK_CAPTURE_AUTORELEASING = YES;
				CLANG_WARN_BOOL_CONVERSION = YES;
				CLANG_WARN_COMMA = YES;
				CLANG_WARN_CONSTANT_CONVERSION = YES;
				CLANG_WARN_DEPRECATED_OBJC_IMPLEMENTATIONS = YES;
				CLANG_WARN_DIRECT_OBJC_ISA_USAGE = YES_ERROR;
				CLANG_WARN_DOCUMENTATION_COMMENTS = YES;
				CLANG_WARN_EMPTY_BODY = YES;
				CLANG_WARN_ENUM_CONVERSION = YES;
				CLANG_WARN_INFINITE_RECURSION = YES;
				CLANG_WARN_INT_CONVERSION = YES;
				CLANG_WARN_NON_LITERAL_NULL_CONVERSION = YES;
				CLANG_WARN_OBJC_IMPLICIT_RETAIN_SELF = YES;
				CLANG_WARN_OBJC_LITERAL_CONVERSION = YES;
				CLANG_WARN_OBJC_ROOT_CLASS = YES_ERROR;
				CLANG_WARN_QUOTED_INCLUDE_IN_FRAMEWORK_HEADER = YES;
				CLANG_WARN_RANGE_LOOP_ANALYSIS = YES;
				CLANG_WARN_STRICT_PROTOTYPES = YES;
				CLANG_WARN_SUSPICIOUS_MOVE = YES;
				CLANG_WARN_UNGUARDED_AVAILABILITY = YES_AGGRESSIVE;
				CLANG_WARN_UNREACHABLE_CODE = YES;
				CLANG_WARN__DUPLICATE_METHOD_MATCH = YES;
				COPY_PHASE_STRIP = NO;
				DEBUG_INFORMATION_FORMAT = dwarf;
				ENABLE_STRICT_OBJC_MSGSEND = YES;
				ENABLE_TESTABILITY = YES;
				GCC_C_LANGUAGE_STANDARD = gnu11;
				GCC_DYNAMIC_NO_PIC = NO;
				GCC_NO_COMMON_BLOCKS = YES;
				GCC_OPTIMIZATION_LEVEL = 0;
				GCC_PREPROCESSOR_DEFINITIONS = (
					"DEBUG=1",
					"$(inherited)",
				);
				GCC_WARN_64_TO_32_BIT_CONVERSION = YES;
				GCC_WARN_ABOUT_RETURN_TYPE = YES_ERROR;
				GCC_WARN_UNDECLARED_SELECTOR = YES;
				GCC_WARN_UNINITIALIZED_AUTOS = YES_AGGRESSIVE;
				GCC_WARN_UNUSED_FUNCTION = YES;
				GCC_WARN_UNUSED_VARIABLE = YES;
				IPHONEOS_DEPLOYMENT_TARGET = 15.5;
				MTL_ENABLE_DEBUG_INFO = INCLUDE_SOURCE;
				MTL_FAST_MATH = YES;
				ONLY_ACTIVE_ARCH = YES;
				SDKROOT = iphoneos;
				SWIFT_ACTIVE_COMPILATION_CONDITIONS = DEBUG;
				SWIFT_OPTIMIZATION_LEVEL = "-Onone";
			};
			name = Debug;
		};
		3D6E7BA128D89852005B250A /* Release */ = {
			isa = XCBuildConfiguration;
			buildSettings = {
				ALWAYS_SEARCH_USER_PATHS = NO;
				CLANG_ANALYZER_NONNULL = YES;
				CLANG_ANALYZER_NUMBER_OBJECT_CONVERSION = YES_AGGRESSIVE;
				CLANG_CXX_LANGUAGE_STANDARD = "gnu++17";
				CLANG_ENABLE_MODULES = YES;
				CLANG_ENABLE_OBJC_ARC = YES;
				CLANG_ENABLE_OBJC_WEAK = YES;
				CLANG_WARN_BLOCK_CAPTURE_AUTORELEASING = YES;
				CLANG_WARN_BOOL_CONVERSION = YES;
				CLANG_WARN_COMMA = YES;
				CLANG_WARN_CONSTANT_CONVERSION = YES;
				CLANG_WARN_DEPRECATED_OBJC_IMPLEMENTATIONS = YES;
				CLANG_WARN_DIRECT_OBJC_ISA_USAGE = YES_ERROR;
				CLANG_WARN_DOCUMENTATION_COMMENTS = YES;
				CLANG_WARN_EMPTY_BODY = YES;
				CLANG_WARN_ENUM_CONVERSION = YES;
				CLANG_WARN_INFINITE_RECURSION = YES;
				CLANG_WARN_INT_CONVERSION = YES;
				CLANG_WARN_NON_LITERAL_NULL_CONVERSION = YES;
				CLANG_WARN_OBJC_IMPLICIT_RETAIN_SELF = YES;
				CLANG_WARN_OBJC_LITERAL_CONVERSION = YES;
				CLANG_WARN_OBJC_ROOT_CLASS = YES_ERROR;
				CLANG_WARN_QUOTED_INCLUDE_IN_FRAMEWORK_HEADER = YES;
				CLANG_WARN_RANGE_LOOP_ANALYSIS = YES;
				CLANG_WARN_STRICT_PROTOTYPES = YES;
				CLANG_WARN_SUSPICIOUS_MOVE = YES;
				CLANG_WARN_UNGUARDED_AVAILABILITY = YES_AGGRESSIVE;
				CLANG_WARN_UNREACHABLE_CODE = YES;
				CLANG_WARN__DUPLICATE_METHOD_MATCH = YES;
				COPY_PHASE_STRIP = NO;
				DEBUG_INFORMATION_FORMAT = "dwarf-with-dsym";
				ENABLE_NS_ASSERTIONS = NO;
				ENABLE_STRICT_OBJC_MSGSEND = YES;
				GCC_C_LANGUAGE_STANDARD = gnu11;
				GCC_NO_COMMON_BLOCKS = YES;
				GCC_WARN_64_TO_32_BIT_CONVERSION = YES;
				GCC_WARN_ABOUT_RETURN_TYPE = YES_ERROR;
				GCC_WARN_UNDECLARED_SELECTOR = YES;
				GCC_WARN_UNINITIALIZED_AUTOS = YES_AGGRESSIVE;
				GCC_WARN_UNUSED_FUNCTION = YES;
				GCC_WARN_UNUSED_VARIABLE = YES;
				IPHONEOS_DEPLOYMENT_TARGET = 15.5;
				MTL_ENABLE_DEBUG_INFO = NO;
				MTL_FAST_MATH = YES;
				SDKROOT = iphoneos;
				SWIFT_COMPILATION_MODE = wholemodule;
				SWIFT_OPTIMIZATION_LEVEL = "-O";
				VALIDATE_PRODUCT = YES;
			};
			name = Release;
		};
		3D6E7BA328D89852005B250A /* Debug */ = {
			isa = XCBuildConfiguration;
			buildSettings = {
				ASSETCATALOG_COMPILER_APPICON_NAME = AppIcon;
				ASSETCATALOG_COMPILER_GLOBAL_ACCENT_COLOR_NAME = AccentColor;
				CODE_SIGN_STYLE = Automatic;
				CURRENT_PROJECT_VERSION = 1;
				GENERATE_INFOPLIST_FILE = YES;
				INFOPLIST_FILE = FoodInBox/Support/Info.plist;
				INFOPLIST_KEY_UIApplicationSupportsIndirectInputEvents = YES;
				INFOPLIST_KEY_UILaunchStoryboardName = LaunchScreen;
				INFOPLIST_KEY_UISupportedInterfaceOrientations_iPad = "UIInterfaceOrientationPortrait UIInterfaceOrientationPortraitUpsideDown UIInterfaceOrientationLandscapeLeft UIInterfaceOrientationLandscapeRight";
				INFOPLIST_KEY_UISupportedInterfaceOrientations_iPhone = "UIInterfaceOrientationPortrait UIInterfaceOrientationLandscapeLeft UIInterfaceOrientationLandscapeRight";
				IPHONEOS_DEPLOYMENT_TARGET = 13.0;
				LD_RUNPATH_SEARCH_PATHS = (
					"$(inherited)",
					"@executable_path/Frameworks",
				);
				MARKETING_VERSION = 1.0;
				PRODUCT_BUNDLE_IDENTIFIER = com.fatih.FoodInBox;
				PRODUCT_NAME = "$(TARGET_NAME)";
				SWIFT_EMIT_LOC_STRINGS = YES;
				SWIFT_VERSION = 5.0;
				TARGETED_DEVICE_FAMILY = 1;
			};
			name = Debug;
		};
		3D6E7BA428D89852005B250A /* Release */ = {
			isa = XCBuildConfiguration;
			buildSettings = {
				ASSETCATALOG_COMPILER_APPICON_NAME = AppIcon;
				ASSETCATALOG_COMPILER_GLOBAL_ACCENT_COLOR_NAME = AccentColor;
				CODE_SIGN_STYLE = Automatic;
				CURRENT_PROJECT_VERSION = 1;
				GENERATE_INFOPLIST_FILE = YES;
				INFOPLIST_FILE = FoodInBox/Support/Info.plist;
				INFOPLIST_KEY_UIApplicationSupportsIndirectInputEvents = YES;
				INFOPLIST_KEY_UILaunchStoryboardName = LaunchScreen;
				INFOPLIST_KEY_UISupportedInterfaceOrientations_iPad = "UIInterfaceOrientationPortrait UIInterfaceOrientationPortraitUpsideDown UIInterfaceOrientationLandscapeLeft UIInterfaceOrientationLandscapeRight";
				INFOPLIST_KEY_UISupportedInterfaceOrientations_iPhone = "UIInterfaceOrientationPortrait UIInterfaceOrientationLandscapeLeft UIInterfaceOrientationLandscapeRight";
				IPHONEOS_DEPLOYMENT_TARGET = 13.0;
				LD_RUNPATH_SEARCH_PATHS = (
					"$(inherited)",
					"@executable_path/Frameworks",
				);
				MARKETING_VERSION = 1.0;
				PRODUCT_BUNDLE_IDENTIFIER = com.fatih.FoodInBox;
				PRODUCT_NAME = "$(TARGET_NAME)";
				SWIFT_EMIT_LOC_STRINGS = YES;
				SWIFT_VERSION = 5.0;
				TARGETED_DEVICE_FAMILY = 1;
			};
			name = Release;
		};
/* End XCBuildConfiguration section */

/* Begin XCConfigurationList section */
		3D6E7B8928D89851005B250A /* Build configuration list for PBXProject "FoodInBox" */ = {
			isa = XCConfigurationList;
			buildConfigurations = (
				3D6E7BA028D89852005B250A /* Debug */,
				3D6E7BA128D89852005B250A /* Release */,
			);
			defaultConfigurationIsVisible = 0;
			defaultConfigurationName = Release;
		};
		3D6E7BA228D89852005B250A /* Build configuration list for PBXNativeTarget "FoodInBox" */ = {
			isa = XCConfigurationList;
			buildConfigurations = (
				3D6E7BA328D89852005B250A /* Debug */,
				3D6E7BA428D89852005B250A /* Release */,
			);
			defaultConfigurationIsVisible = 0;
			defaultConfigurationName = Release;
		};
/* End XCConfigurationList section */
	};
	rootObject = 3D6E7B8628D89851005B250A /* Project object */;
}
