// !$*UTF8*$!
{
	archiveVersion = 1;
	classes = {
	};
	objectVersion = 55;
	objects = {

/* Begin PBXBuildFile section */
		3D04550D28D8E59F001B601C /* CategoriesView.swift in Sources */ = {isa = PBXBuildFile; fileRef = 3D04550C28D8E59F001B601C /* CategoriesView.swift */; };
		3D04551028D8E66E001B601C /* UIView+Ext.swift in Sources */ = {isa = PBXBuildFile; fileRef = 3D04550F28D8E66E001B601C /* UIView+Ext.swift */; };
		3D04551428D8E7D1001B601C /* UIHelper.swift in Sources */ = {isa = PBXBuildFile; fileRef = 3D04551328D8E7D1001B601C /* UIHelper.swift */; };
		3D04551728D8F247001B601C /* FCImageView.swift in Sources */ = {isa = PBXBuildFile; fileRef = 3D04551628D8F247001B601C /* FCImageView.swift */; };
		3D04551928D8F2F7001B601C /* CacheManager.swift in Sources */ = {isa = PBXBuildFile; fileRef = 3D04551828D8F2F7001B601C /* CacheManager.swift */; };
		3D04551C28D8F745001B601C /* ProductsVC.swift in Sources */ = {isa = PBXBuildFile; fileRef = 3D04551B28D8F745001B601C /* ProductsVC.swift */; };
		3D04551E28D8FCB5001B601C /* ProductService.swift in Sources */ = {isa = PBXBuildFile; fileRef = 3D04551D28D8FCB5001B601C /* ProductService.swift */; };
		3D04552028D8FD62001B601C /* ProductsViewModel.swift in Sources */ = {isa = PBXBuildFile; fileRef = 3D04551F28D8FD62001B601C /* ProductsViewModel.swift */; };
		3D34474028DB61B40016607E /* AddCartView.swift in Sources */ = {isa = PBXBuildFile; fileRef = 3D34473F28DB61B40016607E /* AddCartView.swift */; };
		3D34474228DB646D0016607E /* CartScreen.swift in Sources */ = {isa = PBXBuildFile; fileRef = 3D34474128DB646D0016607E /* CartScreen.swift */; };
		3D34474428DB648D0016607E /* EmptyStateView.swift in Sources */ = {isa = PBXBuildFile; fileRef = 3D34474328DB648D0016607E /* EmptyStateView.swift */; };
		3D34474728DB69950016607E /* FCTabBarController.swift in Sources */ = {isa = PBXBuildFile; fileRef = 3D34474628DB69950016607E /* FCTabBarController.swift */; };
		3D34474928DB6D720016607E /* ProductStore.swift in Sources */ = {isa = PBXBuildFile; fileRef = 3D34474828DB6D720016607E /* ProductStore.swift */; };
		3D34474B28DB707B0016607E /* CartViewModel.swift in Sources */ = {isa = PBXBuildFile; fileRef = 3D34474A28DB707B0016607E /* CartViewModel.swift */; };
		3D6E7B9228D89851005B250A /* AppDelegate.swift in Sources */ = {isa = PBXBuildFile; fileRef = 3D6E7B9128D89851005B250A /* AppDelegate.swift */; };
		3D6E7B9428D89851005B250A /* SceneDelegate.swift in Sources */ = {isa = PBXBuildFile; fileRef = 3D6E7B9328D89851005B250A /* SceneDelegate.swift */; };
		3D6E7B9B28D89852005B250A /* Assets.xcassets in Resources */ = {isa = PBXBuildFile; fileRef = 3D6E7B9A28D89852005B250A /* Assets.xcassets */; };
		3D6E7B9E28D89852005B250A /* LaunchScreen.storyboard in Resources */ = {isa = PBXBuildFile; fileRef = 3D6E7B9C28D89852005B250A /* LaunchScreen.storyboard */; };
		3D6E7BAE28D89A94005B250A /* NetworkingManager.swift in Sources */ = {isa = PBXBuildFile; fileRef = 3D6E7BAD28D89A94005B250A /* NetworkingManager.swift */; };
		3D6E7BB028D89AFA005B250A /* FCError.swift in Sources */ = {isa = PBXBuildFile; fileRef = 3D6E7BAF28D89AFA005B250A /* FCError.swift */; };
		3D6E7BB228D89E1F005B250A /* Category.swift in Sources */ = {isa = PBXBuildFile; fileRef = 3D6E7BB128D89E1F005B250A /* Category.swift */; };
		3D6E7BB428D89F2B005B250A /* Product.swift in Sources */ = {isa = PBXBuildFile; fileRef = 3D6E7BB328D89F2B005B250A /* Product.swift */; };
		3D6E7BB628D8A331005B250A /* APIUrls.swift in Sources */ = {isa = PBXBuildFile; fileRef = 3D6E7BB528D8A331005B250A /* APIUrls.swift */; };
		3D6E7BB828D8A47A005B250A /* CategoryService.swift in Sources */ = {isa = PBXBuildFile; fileRef = 3D6E7BB728D8A47A005B250A /* CategoryService.swift */; };
		3D6E7BBA28D8A774005B250A /* HomeScreen.swift in Sources */ = {isa = PBXBuildFile; fileRef = 3D6E7BB928D8A774005B250A /* HomeScreen.swift */; };
		3D6E7BBC28D8A7EA005B250A /* Observable.swift in Sources */ = {isa = PBXBuildFile; fileRef = 3D6E7BBB28D8A7EA005B250A /* Observable.swift */; };
		3D6E7BBE28D8A8B6005B250A /* HomeViewModel.swift in Sources */ = {isa = PBXBuildFile; fileRef = 3D6E7BBD28D8A8B6005B250A /* HomeViewModel.swift */; };
		3D6E7BC128D8AE2A005B250A /* CategoryCell.swift in Sources */ = {isa = PBXBuildFile; fileRef = 3D6E7BC028D8AE2A005B250A /* CategoryCell.swift */; };
		3DA1E72A28DB8EB7003A385B /* CartCell.swift in Sources */ = {isa = PBXBuildFile; fileRef = 3DA1E72928DB8EB7003A385B /* CartCell.swift */; };
		3DD89D0628D9F22A00BCFC7A /* ProductCell.swift in Sources */ = {isa = PBXBuildFile; fileRef = 3DD89D0528D9F22A00BCFC7A /* ProductCell.swift */; };
		3DD89D0928DA29EF00BCFC7A /* UILabel+Ext.swift in Sources */ = {isa = PBXBuildFile; fileRef = 3DD89D0828DA29EF00BCFC7A /* UILabel+Ext.swift */; };
		3DD89D0B28DA2B8300BCFC7A /* FCDataLoadingVC.swift in Sources */ = {isa = PBXBuildFile; fileRef = 3DD89D0A28DA2B8300BCFC7A /* FCDataLoadingVC.swift */; };
		3DD89D0E28DA3ACA00BCFC7A /* String+Ext.swift in Sources */ = {isa = PBXBuildFile; fileRef = 3DD89D0D28DA3ACA00BCFC7A /* String+Ext.swift */; };
		3DD89D1128DA3D6B00BCFC7A /* ProductDetailVC.swift in Sources */ = {isa = PBXBuildFile; fileRef = 3DD89D1028DA3D6B00BCFC7A /* ProductDetailVC.swift */; };
		3DD89D1328DA513B00BCFC7A /* AttributeView.swift in Sources */ = {isa = PBXBuildFile; fileRef = 3DD89D1228DA513B00BCFC7A /* AttributeView.swift */; };
/* End PBXBuildFile section */

/* Begin PBXFileReference section */
		3D04550C28D8E59F001B601C /* CategoriesView.swift */ = {isa = PBXFileReference; lastKnownFileType = sourcecode.swift; path = CategoriesView.swift; sourceTree = "<group>"; };
		3D04550F28D8E66E001B601C /* UIView+Ext.swift */ = {isa = PBXFileReference; lastKnownFileType = sourcecode.swift; path = "UIView+Ext.swift"; sourceTree = "<group>"; };
		3D04551328D8E7D1001B601C /* UIHelper.swift */ = {isa = PBXFileReference; lastKnownFileType = sourcecode.swift; path = UIHelper.swift; sourceTree = "<group>"; };
		3D04551628D8F247001B601C /* FCImageView.swift */ = {isa = PBXFileReference; lastKnownFileType = sourcecode.swift; path = FCImageView.swift; sourceTree = "<group>"; };
		3D04551828D8F2F7001B601C /* CacheManager.swift */ = {isa = PBXFileReference; lastKnownFileType = sourcecode.swift; path = CacheManager.swift; sourceTree = "<group>"; };
		3D04551B28D8F745001B601C /* ProductsVC.swift */ = {isa = PBXFileReference; lastKnownFileType = sourcecode.swift; path = ProductsVC.swift; sourceTree = "<group>"; };
		3D04551D28D8FCB5001B601C /* ProductService.swift */ = {isa = PBXFileReference; lastKnownFileType = sourcecode.swift; path = ProductService.swift; sourceTree = "<group>"; };
		3D04551F28D8FD62001B601C /* ProductsViewModel.swift */ = {isa = PBXFileReference; lastKnownFileType = sourcecode.swift; path = ProductsViewModel.swift; sourceTree = "<group>"; };
		3D34473F28DB61B40016607E /* AddCartView.swift */ = {isa = PBXFileReference; lastKnownFileType = sourcecode.swift; path = AddCartView.swift; sourceTree = "<group>"; };
		3D34474128DB646D0016607E /* CartScreen.swift */ = {isa = PBXFileReference; lastKnownFileType = sourcecode.swift; path = CartScreen.swift; sourceTree = "<group>"; };
		3D34474328DB648D0016607E /* EmptyStateView.swift */ = {isa = PBXFileReference; lastKnownFileType = sourcecode.swift; path = EmptyStateView.swift; sourceTree = "<group>"; };
		3D34474628DB69950016607E /* FCTabBarController.swift */ = {isa = PBXFileReference; lastKnownFileType = sourcecode.swift; path = FCTabBarController.swift; sourceTree = "<group>"; };
		3D34474828DB6D720016607E /* ProductStore.swift */ = {isa = PBXFileReference; lastKnownFileType = sourcecode.swift; path = ProductStore.swift; sourceTree = "<group>"; };
		3D34474A28DB707B0016607E /* CartViewModel.swift */ = {isa = PBXFileReference; lastKnownFileType = sourcecode.swift; path = CartViewModel.swift; sourceTree = "<group>"; };
		3D6E7B8E28D89851005B250A /* FoodInBox.app */ = {isa = PBXFileReference; explicitFileType = wrapper.application; includeInIndex = 0; path = FoodInBox.app; sourceTree = BUILT_PRODUCTS_DIR; };
		3D6E7B9128D89851005B250A /* AppDelegate.swift */ = {isa = PBXFileReference; lastKnownFileType = sourcecode.swift; path = AppDelegate.swift; sourceTree = "<group>"; };
		3D6E7B9328D89851005B250A /* SceneDelegate.swift */ = {isa = PBXFileReference; lastKnownFileType = sourcecode.swift; path = SceneDelegate.swift; sourceTree = "<group>"; };
		3D6E7B9A28D89852005B250A /* Assets.xcassets */ = {isa = PBXFileReference; lastKnownFileType = folder.assetcatalog; path = Assets.xcassets; sourceTree = "<group>"; };
		3D6E7B9D28D89852005B250A /* Base */ = {isa = PBXFileReference; lastKnownFileType = file.storyboard; name = Base; path = Base.lproj/LaunchScreen.storyboard; sourceTree = "<group>"; };
		3D6E7B9F28D89852005B250A /* Info.plist */ = {isa = PBXFileReference; lastKnownFileType = text.plist.xml; path = Info.plist; sourceTree = "<group>"; };
		3D6E7BAD28D89A94005B250A /* NetworkingManager.swift */ = {isa = PBXFileReference; lastKnownFileType = sourcecode.swift; path = NetworkingManager.swift; sourceTree = "<group>"; };
		3D6E7BAF28D89AFA005B250A /* FCError.swift */ = {isa = PBXFileReference; lastKnownFileType = sourcecode.swift; path = FCError.swift; sourceTree = "<group>"; };
		3D6E7BB128D89E1F005B250A /* Category.swift */ = {isa = PBXFileReference; lastKnownFileType = sourcecode.swift; path = Category.swift; sourceTree = "<group>"; };
		3D6E7BB328D89F2B005B250A /* Product.swift */ = {isa = PBXFileReference; lastKnownFileType = sourcecode.swift; path = Product.swift; sourceTree = "<group>"; };
		3D6E7BB528D8A331005B250A /* APIUrls.swift */ = {isa = PBXFileReference; lastKnownFileType = sourcecode.swift; path = APIUrls.swift; sourceTree = "<group>"; };
		3D6E7BB728D8A47A005B250A /* CategoryService.swift */ = {isa = PBXFileReference; lastKnownFileType = sourcecode.swift; path = CategoryService.swift; sourceTree = "<group>"; };
		3D6E7BB928D8A774005B250A /* HomeScreen.swift */ = {isa = PBXFileReference; lastKnownFileType = sourcecode.swift; path = HomeScreen.swift; sourceTree = "<group>"; };
		3D6E7BBB28D8A7EA005B250A /* Observable.swift */ = {isa = PBXFileReference; lastKnownFileType = sourcecode.swift; path = Observable.swift; sourceTree = "<group>"; };
		3D6E7BBD28D8A8B6005B250A /* HomeViewModel.swift */ = {isa = PBXFileReference; lastKnownFileType = sourcecode.swift; path = HomeViewModel.swift; sourceTree = "<group>"; };
		3D6E7BC028D8AE2A005B250A /* CategoryCell.swift */ = {isa = PBXFileReference; lastKnownFileType = sourcecode.swift; path = CategoryCell.swift; sourceTree = "<group>"; };
		3DA1E72928DB8EB7003A385B /* CartCell.swift */ = {isa = PBXFileReference; lastKnownFileType = sourcecode.swift; path = CartCell.swift; sourceTree = "<group>"; };
		3DD89D0528D9F22A00BCFC7A /* ProductCell.swift */ = {isa = PBXFileReference; lastKnownFileType = sourcecode.swift; path = ProductCell.swift; sourceTree = "<group>"; };
		3DD89D0828DA29EF00BCFC7A /* UILabel+Ext.swift */ = {isa = PBXFileReference; lastKnownFileType = sourcecode.swift; path = "UILabel+Ext.swift"; sourceTree = "<group>"; };
		3DD89D0A28DA2B8300BCFC7A /* FCDataLoadingVC.swift */ = {isa = PBXFileReference; lastKnownFileType = sourcecode.swift; path = FCDataLoadingVC.swift; sourceTree = "<group>"; };
		3DD89D0D28DA3ACA00BCFC7A /* String+Ext.swift */ = {isa = PBXFileReference; lastKnownFileType = sourcecode.swift; path = "String+Ext.swift"; sourceTree = "<group>"; };
		3DD89D1028DA3D6B00BCFC7A /* ProductDetailVC.swift */ = {isa = PBXFileReference; lastKnownFileType = sourcecode.swift; path = ProductDetailVC.swift; sourceTree = "<group>"; };
		3DD89D1228DA513B00BCFC7A /* AttributeView.swift */ = {isa = PBXFileReference; lastKnownFileType = sourcecode.swift; path = AttributeView.swift; sourceTree = "<group>"; };
/* End PBXFileReference section */

/* Begin PBXFrameworksBuildPhase section */
		3D6E7B8B28D89851005B250A /* Frameworks */ = {
			isa = PBXFrameworksBuildPhase;
			buildActionMask = 2147483647;
			files = (
			);
			runOnlyForDeploymentPostprocessing = 0;
		};
/* End PBXFrameworksBuildPhase section */

/* Begin PBXGroup section */
		3D04550928D8DFD5001B601C /* Views */ = {
			isa = PBXGroup;
			children = (
				3D04550C28D8E59F001B601C /* CategoriesView.swift */,
				3DD89D1228DA513B00BCFC7A /* AttributeView.swift */,
				3D34473F28DB61B40016607E /* AddCartView.swift */,
				3D34474328DB648D0016607E /* EmptyStateView.swift */,
			);
			path = Views;
			sourceTree = "<group>";
		};
		3D04550E28D8E65D001B601C /* Extensions */ = {
			isa = PBXGroup;
			children = (
				3D04550F28D8E66E001B601C /* UIView+Ext.swift */,
				3DD89D0828DA29EF00BCFC7A /* UILabel+Ext.swift */,
				3DD89D0D28DA3ACA00BCFC7A /* String+Ext.swift */,
			);
			path = Extensions;
			sourceTree = "<group>";
		};
		3D04551528D8F22C001B601C /* ImageViews */ = {
			isa = PBXGroup;
			children = (
				3D04551628D8F247001B601C /* FCImageView.swift */,
			);
			path = ImageViews;
			sourceTree = "<group>";
		};
		3D04551A28D8F72B001B601C /* ViewControllers */ = {
			isa = PBXGroup;
			children = (
				3DD89D0A28DA2B8300BCFC7A /* FCDataLoadingVC.swift */,
				3DD89D0C28DA2C2800BCFC7A /* Products */,
				3DD89D0F28DA3D5300BCFC7A /* ProductDetail */,
			);
			path = ViewControllers;
			sourceTree = "<group>";
		};
		3D34474528DB69800016607E /* TabBarController */ = {
			isa = PBXGroup;
			children = (
				3D34474628DB69950016607E /* FCTabBarController.swift */,
			);
			path = TabBarController;
			sourceTree = "<group>";
		};
		3D6E7B8528D89851005B250A = {
			isa = PBXGroup;
			children = (
				3D6E7B9028D89851005B250A /* FoodInBox */,
				3D6E7B8F28D89851005B250A /* Products */,
			);
			sourceTree = "<group>";
		};
		3D6E7B8F28D89851005B250A /* Products */ = {
			isa = PBXGroup;
			children = (
				3D6E7B8E28D89851005B250A /* FoodInBox.app */,
			);
			name = Products;
			sourceTree = "<group>";
		};
		3D6E7B9028D89851005B250A /* FoodInBox */ = {
			isa = PBXGroup;
			children = (
				3D04550E28D8E65D001B601C /* Extensions */,
				3D6E7BA828D89996005B250A /* Models */,
				3D6E7BA628D89987005B250A /* Utilities */,
				3D6E7BA728D89991005B250A /* Services */,
				3D6E7BA928D8999B005B250A /* Core */,
				3D6E7BA528D89966005B250A /* Support */,
			);
			path = FoodInBox;
			sourceTree = "<group>";
		};
		3D6E7BA528D89966005B250A /* Support */ = {
			isa = PBXGroup;
			children = (
				3D6E7B9128D89851005B250A /* AppDelegate.swift */,
				3D6E7B9328D89851005B250A /* SceneDelegate.swift */,
				3D6E7B9A28D89852005B250A /* Assets.xcassets */,
				3D6E7B9C28D89852005B250A /* LaunchScreen.storyboard */,
				3D6E7B9F28D89852005B250A /* Info.plist */,
				3D6E7BBB28D8A7EA005B250A /* Observable.swift */,
			);
			path = Support;
			sourceTree = "<group>";
		};
		3D6E7BA628D89987005B250A /* Utilities */ = {
			isa = PBXGroup;
			children = (
				3D6E7BAD28D89A94005B250A /* NetworkingManager.swift */,
				3D6E7BAF28D89AFA005B250A /* FCError.swift */,
				3D6E7BB528D8A331005B250A /* APIUrls.swift */,
				3D04551328D8E7D1001B601C /* UIHelper.swift */,
				3D04551828D8F2F7001B601C /* CacheManager.swift */,
				3D34474828DB6D720016607E /* ProductStore.swift */,
			);
			path = Utilities;
			sourceTree = "<group>";
		};
		3D6E7BA728D89991005B250A /* Services */ = {
			isa = PBXGroup;
			children = (
				3D6E7BB728D8A47A005B250A /* CategoryService.swift */,
				3D04551D28D8FCB5001B601C /* ProductService.swift */,
			);
			path = Services;
			sourceTree = "<group>";
		};
		3D6E7BA828D89996005B250A /* Models */ = {
			isa = PBXGroup;
			children = (
				3D6E7BB128D89E1F005B250A /* Category.swift */,
				3D6E7BB328D89F2B005B250A /* Product.swift */,
			);
			path = Models;
			sourceTree = "<group>";
		};
		3D6E7BA928D8999B005B250A /* Core */ = {
			isa = PBXGroup;
			children = (
				3D6E7BAC28D89A33005B250A /* Components */,
				3D6E7BAB28D899A5005B250A /* CartScreen */,
				3D6E7BAA28D8999F005B250A /* HomeScreen */,
			);
			path = Core;
			sourceTree = "<group>";
		};
		3D6E7BAA28D8999F005B250A /* HomeScreen */ = {
			isa = PBXGroup;
			children = (
				3D6E7BB928D8A774005B250A /* HomeScreen.swift */,
				3D6E7BBD28D8A8B6005B250A /* HomeViewModel.swift */,
			);
			path = HomeScreen;
			sourceTree = "<group>";
		};
		3D6E7BAB28D899A5005B250A /* CartScreen */ = {
			isa = PBXGroup;
			children = (
				3D34474128DB646D0016607E /* CartScreen.swift */,
				3D34474A28DB707B0016607E /* CartViewModel.swift */,
			);
			path = CartScreen;
			sourceTree = "<group>";
		};
		3D6E7BAC28D89A33005B250A /* Components */ = {
			isa = PBXGroup;
			children = (
				3D34474528DB69800016607E /* TabBarController */,
				3D04551A28D8F72B001B601C /* ViewControllers */,
				3D04550928D8DFD5001B601C /* Views */,
				3D6E7BBF28D8ADFC005B250A /* Cells */,
			);
			path = Components;
			sourceTree = "<group>";
		};
		3D6E7BBF28D8ADFC005B250A /* Cells */ = {
			isa = PBXGroup;
			children = (
				3D6E7BC028D8AE2A005B250A /* CategoryCell.swift */,
				3DD89D0528D9F22A00BCFC7A /* ProductCell.swift */,
				3DA1E72928DB8EB7003A385B /* CartCell.swift */,
			);
			path = Cells;
			sourceTree = "<group>";
		};
		3DD89D0C28DA2C2800BCFC7A /* Products */ = {
			isa = PBXGroup;
			children = (
				3D04551B28D8F745001B601C /* ProductsVC.swift */,
				3D04551F28D8FD62001B601C /* ProductsViewModel.swift */,
			);
			path = Products;
			sourceTree = "<group>";
		};
		3DD89D0F28DA3D5300BCFC7A /* ProductDetail */ = {
			isa = PBXGroup;
			children = (
				3DD89D1028DA3D6B00BCFC7A /* ProductDetailVC.swift */,
				3D04551528D8F22C001B601C /* ImageViews */,
			);
			path = ProductDetail;
			sourceTree = "<group>";
		};
/* End PBXGroup section */

/* Begin PBXNativeTarget section */
		3D6E7B8D28D89851005B250A /* FoodInBox */ = {
			isa = PBXNativeTarget;
			buildConfigurationList = 3D6E7BA228D89852005B250A /* Build configuration list for PBXNativeTarget "FoodInBox" */;
			buildPhases = (
				3D6E7B8A28D89851005B250A /* Sources */,
				3D6E7B8B28D89851005B250A /* Frameworks */,
				3D6E7B8C28D89851005B250A /* Resources */,
			);
			buildRules = (
			);
			dependencies = (
			);
			name = FoodInBox;
			productName = FoodInBox;
			productReference = 3D6E7B8E28D89851005B250A /* FoodInBox.app */;
			productType = "com.apple.product-type.application";
		};
/* End PBXNativeTarget section */

/* Begin PBXProject section */
		3D6E7B8628D89851005B250A /* Project object */ = {
			isa = PBXProject;
			attributes = {
				BuildIndependentTargetsInParallel = 1;
				LastSwiftUpdateCheck = 1340;
				LastUpgradeCheck = 1340;
				TargetAttributes = {
					3D6E7B8D28D89851005B250A = {
						CreatedOnToolsVersion = 13.4.1;
					};
				};
			};
			buildConfigurationList = 3D6E7B8928D89851005B250A /* Build configuration list for PBXProject "FoodInBox" */;
			compatibilityVersion = "Xcode 13.0";
			developmentRegion = en;
			hasScannedForEncodings = 0;
			knownRegions = (
				en,
				Base,
			);
			mainGroup = 3D6E7B8528D89851005B250A;
			productRefGroup = 3D6E7B8F28D89851005B250A /* Products */;
			projectDirPath = "";
			projectRoot = "";
			targets = (
				3D6E7B8D28D89851005B250A /* FoodInBox */,
			);
		};
/* End PBXProject section */

/* Begin PBXResourcesBuildPhase section */
		3D6E7B8C28D89851005B250A /* Resources */ = {
			isa = PBXResourcesBuildPhase;
			buildActionMask = 2147483647;
			files = (
				3D6E7B9E28D89852005B250A /* LaunchScreen.storyboard in Resources */,
				3D6E7B9B28D89852005B250A /* Assets.xcassets in Resources */,
			);
			runOnlyForDeploymentPostprocessing = 0;
		};
/* End PBXResourcesBuildPhase section */

/* Begin PBXSourcesBuildPhase section */
		3D6E7B8A28D89851005B250A /* Sources */ = {
			isa = PBXSourcesBuildPhase;
			buildActionMask = 2147483647;
			files = (
				3D6E7BB628D8A331005B250A /* APIUrls.swift in Sources */,
				3D6E7BBE28D8A8B6005B250A /* HomeViewModel.swift in Sources */,
				3D6E7BAE28D89A94005B250A /* NetworkingManager.swift in Sources */,
				3D04551928D8F2F7001B601C /* CacheManager.swift in Sources */,
				3DA1E72A28DB8EB7003A385B /* CartCell.swift in Sources */,
				3D34474B28DB707B0016607E /* CartViewModel.swift in Sources */,
				3D04551E28D8FCB5001B601C /* ProductService.swift in Sources */,
				3DD89D1328DA513B00BCFC7A /* AttributeView.swift in Sources */,
				3D04551728D8F247001B601C /* FCImageView.swift in Sources */,
				3DD89D0E28DA3ACA00BCFC7A /* String+Ext.swift in Sources */,
				3D6E7BB828D8A47A005B250A /* CategoryService.swift in Sources */,
				3D04551028D8E66E001B601C /* UIView+Ext.swift in Sources */,
				3D6E7B9228D89851005B250A /* AppDelegate.swift in Sources */,
				3D04551C28D8F745001B601C /* ProductsVC.swift in Sources */,
				3D6E7B9428D89851005B250A /* SceneDelegate.swift in Sources */,
				3D04550D28D8E59F001B601C /* CategoriesView.swift in Sources */,
				3DD89D0928DA29EF00BCFC7A /* UILabel+Ext.swift in Sources */,
				3DD89D0628D9F22A00BCFC7A /* ProductCell.swift in Sources */,
				3D34474728DB69950016607E /* FCTabBarController.swift in Sources */,
				3D04551428D8E7D1001B601C /* UIHelper.swift in Sources */,
				3DD89D1128DA3D6B00BCFC7A /* ProductDetailVC.swift in Sources */,
				3D6E7BBA28D8A774005B250A /* HomeScreen.swift in Sources */,
				3D6E7BBC28D8A7EA005B250A /* Observable.swift in Sources */,
				3D6E7BB028D89AFA005B250A /* FCError.swift in Sources */,
				3DD89D0B28DA2B8300BCFC7A /* FCDataLoadingVC.swift in Sources */,
				3D34474428DB648D0016607E /* EmptyStateView.swift in Sources */,
				3D6E7BB228D89E1F005B250A /* Category.swift in Sources */,
				3D34474028DB61B40016607E /* AddCartView.swift in Sources */,
				3D6E7BB428D89F2B005B250A /* Product.swift in Sources */,
				3D34474228DB646D0016607E /* CartScreen.swift in Sources */,
				3D04552028D8FD62001B601C /* ProductsViewModel.swift in Sources */,
				3D34474928DB6D720016607E /* ProductStore.swift in Sources */,
				3D6E7BC128D8AE2A005B250A /* CategoryCell.swift in Sources */,
			);
			runOnlyForDeploymentPostprocessing = 0;
		};
/* End PBXSourcesBuildPhase section */

/* Begin PBXVariantGroup section */
		3D6E7B9C28D89852005B250A /* LaunchScreen.storyboard */ = {
			isa = PBXVariantGroup;
			children = (
				3D6E7B9D28D89852005B250A /* Base */,
			);
			name = LaunchScreen.storyboard;
			sourceTree = "<group>";
		};
/* End PBXVariantGroup section */

/* Begin XCBuildConfiguration section */
		3D6E7BA028D89852005B250A /* Debug */ = {
			isa = XCBuildConfiguration;
			buildSettings = {
				ALWAYS_SEARCH_USER_PATHS = NO;
				CLANG_ANALYZER_NONNULL = YES;
				CLANG_ANALYZER_NUMBER_OBJECT_CONVERSION = YES_AGGRESSIVE;
				CLANG_CXX_LANGUAGE_STANDARD = "gnu++17";
				CLANG_ENABLE_MODULES = YES;
				CLANG_ENABLE_OBJC_ARC = YES;
				CLANG_ENABLE_OBJC_WEAK = YES;
				CLANG_WARN_BLOCK_CAPTURE_AUTORELEASING = YES;
				CLANG_WARN_BOOL_CONVERSION = YES;
				CLANG_WARN_COMMA = YES;
				CLANG_WARN_CONSTANT_CONVERSION = YES;
				CLANG_WARN_DEPRECATED_OBJC_IMPLEMENTATIONS = YES;
				CLANG_WARN_DIRECT_OBJC_ISA_USAGE = YES_ERROR;
				CLANG_WARN_DOCUMENTATION_COMMENTS = YES;
				CLANG_WARN_EMPTY_BODY = YES;
				CLANG_WARN_ENUM_CONVERSION = YES;
				CLANG_WARN_INFINITE_RECURSION = YES;
				CLANG_WARN_INT_CONVERSION = YES;
				CLANG_WARN_NON_LITERAL_NULL_CONVERSION = YES;
				CLANG_WARN_OBJC_IMPLICIT_RETAIN_SELF = YES;
				CLANG_WARN_OBJC_LITERAL_CONVERSION = YES;
				CLANG_WARN_OBJC_ROOT_CLASS = YES_ERROR;
				CLANG_WARN_QUOTED_INCLUDE_IN_FRAMEWORK_HEADER = YES;
				CLANG_WARN_RANGE_LOOP_ANALYSIS = YES;
				CLANG_WARN_STRICT_PROTOTYPES = YES;
				CLANG_WARN_SUSPICIOUS_MOVE = YES;
				CLANG_WARN_UNGUARDED_AVAILABILITY = YES_AGGRESSIVE;
				CLANG_WARN_UNREACHABLE_CODE = YES;
				CLANG_WARN__DUPLICATE_METHOD_MATCH = YES;
				COPY_PHASE_STRIP = NO;
				DEBUG_INFORMATION_FORMAT = dwarf;
				ENABLE_STRICT_OBJC_MSGSEND = YES;
				ENABLE_TESTABILITY = YES;
				GCC_C_LANGUAGE_STANDARD = gnu11;
				GCC_DYNAMIC_NO_PIC = NO;
				GCC_NO_COMMON_BLOCKS = YES;
				GCC_OPTIMIZATION_LEVEL = 0;
				GCC_PREPROCESSOR_DEFINITIONS = (
					"DEBUG=1",
					"$(inherited)",
				);
				GCC_WARN_64_TO_32_BIT_CONVERSION = YES;
				GCC_WARN_ABOUT_RETURN_TYPE = YES_ERROR;
				GCC_WARN_UNDECLARED_SELECTOR = YES;
				GCC_WARN_UNINITIALIZED_AUTOS = YES_AGGRESSIVE;
				GCC_WARN_UNUSED_FUNCTION = YES;
				GCC_WARN_UNUSED_VARIABLE = YES;
				IPHONEOS_DEPLOYMENT_TARGET = 15.5;
				MTL_ENABLE_DEBUG_INFO = INCLUDE_SOURCE;
				MTL_FAST_MATH = YES;
				ONLY_ACTIVE_ARCH = YES;
				SDKROOT = iphoneos;
				SWIFT_ACTIVE_COMPILATION_CONDITIONS = DEBUG;
				SWIFT_OPTIMIZATION_LEVEL = "-Onone";
			};
			name = Debug;
		};
		3D6E7BA128D89852005B250A /* Release */ = {
			isa = XCBuildConfiguration;
			buildSettings = {
				ALWAYS_SEARCH_USER_PATHS = NO;
				CLANG_ANALYZER_NONNULL = YES;
				CLANG_ANALYZER_NUMBER_OBJECT_CONVERSION = YES_AGGRESSIVE;
				CLANG_CXX_LANGUAGE_STANDARD = "gnu++17";
				CLANG_ENABLE_MODULES = YES;
				CLANG_ENABLE_OBJC_ARC = YES;
				CLANG_ENABLE_OBJC_WEAK = YES;
				CLANG_WARN_BLOCK_CAPTURE_AUTORELEASING = YES;
				CLANG_WARN_BOOL_CONVERSION = YES;
				CLANG_WARN_COMMA = YES;
				CLANG_WARN_CONSTANT_CONVERSION = YES;
				CLANG_WARN_DEPRECATED_OBJC_IMPLEMENTATIONS = YES;
				CLANG_WARN_DIRECT_OBJC_ISA_USAGE = YES_ERROR;
				CLANG_WARN_DOCUMENTATION_COMMENTS = YES;
				CLANG_WARN_EMPTY_BODY = YES;
				CLANG_WARN_ENUM_CONVERSION = YES;
				CLANG_WARN_INFINITE_RECURSION = YES;
				CLANG_WARN_INT_CONVERSION = YES;
				CLANG_WARN_NON_LITERAL_NULL_CONVERSION = YES;
				CLANG_WARN_OBJC_IMPLICIT_RETAIN_SELF = YES;
				CLANG_WARN_OBJC_LITERAL_CONVERSION = YES;
				CLANG_WARN_OBJC_ROOT_CLASS = YES_ERROR;
				CLANG_WARN_QUOTED_INCLUDE_IN_FRAMEWORK_HEADER = YES;
				CLANG_WARN_RANGE_LOOP_ANALYSIS = YES;
				CLANG_WARN_STRICT_PROTOTYPES = YES;
				CLANG_WARN_SUSPICIOUS_MOVE = YES;
				CLANG_WARN_UNGUARDED_AVAILABILITY = YES_AGGRESSIVE;
				CLANG_WARN_UNREACHABLE_CODE = YES;
				CLANG_WARN__DUPLICATE_METHOD_MATCH = YES;
				COPY_PHASE_STRIP = NO;
				DEBUG_INFORMATION_FORMAT = "dwarf-with-dsym";
				ENABLE_NS_ASSERTIONS = NO;
				ENABLE_STRICT_OBJC_MSGSEND = YES;
				GCC_C_LANGUAGE_STANDARD = gnu11;
				GCC_NO_COMMON_BLOCKS = YES;
				GCC_WARN_64_TO_32_BIT_CONVERSION = YES;
				GCC_WARN_ABOUT_RETURN_TYPE = YES_ERROR;
				GCC_WARN_UNDECLARED_SELECTOR = YES;
				GCC_WARN_UNINITIALIZED_AUTOS = YES_AGGRESSIVE;
				GCC_WARN_UNUSED_FUNCTION = YES;
				GCC_WARN_UNUSED_VARIABLE = YES;
				IPHONEOS_DEPLOYMENT_TARGET = 15.5;
				MTL_ENABLE_DEBUG_INFO = NO;
				MTL_FAST_MATH = YES;
				SDKROOT = iphoneos;
				SWIFT_COMPILATION_MODE = wholemodule;
				SWIFT_OPTIMIZATION_LEVEL = "-O";
				VALIDATE_PRODUCT = YES;
			};
			name = Release;
		};
		3D6E7BA328D89852005B250A /* Debug */ = {
			isa = XCBuildConfiguration;
			buildSettings = {
				ASSETCATALOG_COMPILER_APPICON_NAME = AppIcon;
				ASSETCATALOG_COMPILER_GLOBAL_ACCENT_COLOR_NAME = AccentColor;
				CODE_SIGN_STYLE = Automatic;
				CURRENT_PROJECT_VERSION = 1;
				GENERATE_INFOPLIST_FILE = YES;
				INFOPLIST_FILE = FoodInBox/Support/Info.plist;
				INFOPLIST_KEY_UIApplicationSupportsIndirectInputEvents = YES;
				INFOPLIST_KEY_UILaunchStoryboardName = LaunchScreen;
				INFOPLIST_KEY_UISupportedInterfaceOrientations_iPad = "UIInterfaceOrientationPortrait UIInterfaceOrientationPortraitUpsideDown UIInterfaceOrientationLandscapeLeft UIInterfaceOrientationLandscapeRight";
				INFOPLIST_KEY_UISupportedInterfaceOrientations_iPhone = "UIInterfaceOrientationPortrait UIInterfaceOrientationLandscapeLeft UIInterfaceOrientationLandscapeRight";
				IPHONEOS_DEPLOYMENT_TARGET = 14.0;
				LD_RUNPATH_SEARCH_PATHS = (
					"$(inherited)",
					"@executable_path/Frameworks",
				);
				MARKETING_VERSION = 1.0;
				PRODUCT_BUNDLE_IDENTIFIER = com.fatih.FoodInBox;
				PRODUCT_NAME = "$(TARGET_NAME)";
				SWIFT_EMIT_LOC_STRINGS = YES;
				SWIFT_VERSION = 5.0;
				TARGETED_DEVICE_FAMILY = 1;
			};
			name = Debug;
		};
		3D6E7BA428D89852005B250A /* Release */ = {
			isa = XCBuildConfiguration;
			buildSettings = {
				ASSETCATALOG_COMPILER_APPICON_NAME = AppIcon;
				ASSETCATALOG_COMPILER_GLOBAL_ACCENT_COLOR_NAME = AccentColor;
				CODE_SIGN_STYLE = Automatic;
				CURRENT_PROJECT_VERSION = 1;
				GENERATE_INFOPLIST_FILE = YES;
				INFOPLIST_FILE = FoodInBox/Support/Info.plist;
				INFOPLIST_KEY_UIApplicationSupportsIndirectInputEvents = YES;
				INFOPLIST_KEY_UILaunchStoryboardName = LaunchScreen;
				INFOPLIST_KEY_UISupportedInterfaceOrientations_iPad = "UIInterfaceOrientationPortrait UIInterfaceOrientationPortraitUpsideDown UIInterfaceOrientationLandscapeLeft UIInterfaceOrientationLandscapeRight";
				INFOPLIST_KEY_UISupportedInterfaceOrientations_iPhone = "UIInterfaceOrientationPortrait UIInterfaceOrientationLandscapeLeft UIInterfaceOrientationLandscapeRight";
				IPHONEOS_DEPLOYMENT_TARGET = 14.0;
				LD_RUNPATH_SEARCH_PATHS = (
					"$(inherited)",
					"@executable_path/Frameworks",
				);
				MARKETING_VERSION = 1.0;
				PRODUCT_BUNDLE_IDENTIFIER = com.fatih.FoodInBox;
				PRODUCT_NAME = "$(TARGET_NAME)";
				SWIFT_EMIT_LOC_STRINGS = YES;
				SWIFT_VERSION = 5.0;
				TARGETED_DEVICE_FAMILY = 1;
			};
			name = Release;
		};
/* End XCBuildConfiguration section */

/* Begin XCConfigurationList section */
		3D6E7B8928D89851005B250A /* Build configuration list for PBXProject "FoodInBox" */ = {
			isa = XCConfigurationList;
			buildConfigurations = (
				3D6E7BA028D89852005B250A /* Debug */,
				3D6E7BA128D89852005B250A /* Release */,
			);
			defaultConfigurationIsVisible = 0;
			defaultConfigurationName = Release;
		};
		3D6E7BA228D89852005B250A /* Build configuration list for PBXNativeTarget "FoodInBox" */ = {
			isa = XCConfigurationList;
			buildConfigurations = (
				3D6E7BA328D89852005B250A /* Debug */,
				3D6E7BA428D89852005B250A /* Release */,
			);
			defaultConfigurationIsVisible = 0;
			defaultConfigurationName = Release;
		};
/* End XCConfigurationList section */
	};
	rootObject = 3D6E7B8628D89851005B250A /* Project object */;
}
